
Microsoft Visual Studio Solution File, Format Version 12.00
# Visual Studio Version 16
VisualStudioVersion = 16.0.31402.337
MinimumVisualStudioVersion = 10.0.40219.1
Project("{FAE04EC0-301F-11D3-BF4B-00C04F79EFBC}") = "ArrayRotationProgram", "..\ArrayRotationProgram\ArrayRotationProgram.csproj", "{C1A35AFD-BC17-4335-855D-D23544893088}"
EndProject
Project("{FAE04EC0-301F-11D3-BF4B-00C04F79EFBC}") = "ArrayRotation-ReversalAlgorithm", "..\ArrayRotation-ReversalAlgorithm\ArrayRotation-ReversalAlgorithm.csproj", "{33937995-8FCE-4531-9A5D-BBC6716DCF00}"
EndProject
Global
	GlobalSection(SolutionConfigurationPlatforms) = preSolution
		Debug|Any CPU = Debug|Any CPU
		Release|Any CPU = Release|Any CPU
	EndGlobalSection
	GlobalSection(ProjectConfigurationPlatforms) = postSolution
		{C1A35AFD-BC17-4335-855D-D23544893088}.Debug|Any CPU.ActiveCfg = Debug|Any CPU
		{C1A35AFD-BC17-4335-855D-D23544893088}.Debug|Any CPU.Build.0 = Debug|Any CPU
		{C1A35AFD-BC17-4335-855D-D23544893088}.Release|Any CPU.ActiveCfg = Release|Any CPU
		{C1A35AFD-BC17-4335-855D-D23544893088}.Release|Any CPU.Build.0 = Release|Any CPU
		{33937995-8FCE-4531-9A5D-BBC6716DCF00}.Debug|Any CPU.ActiveCfg = Debug|Any CPU
		{33937995-8FCE-4531-9A5D-BBC6716DCF00}.Debug|Any CPU.Build.0 = Debug|Any CPU
		{33937995-8FCE-4531-9A5D-BBC6716DCF00}.Release|Any CPU.ActiveCfg = Release|Any CPU
		{33937995-8FCE-4531-9A5D-BBC6716DCF00}.Release|Any CPU.Build.0 = Release|Any CPU
	EndGlobalSection
	GlobalSection(SolutionProperties) = preSolution
		HideSolutionNode = FALSE
	EndGlobalSection
	GlobalSection(ExtensibilityGlobals) = postSolution
		SolutionGuid = {098A19D6-BC2C-4B9F-93AE-3A7FD60D3C24}
	EndGlobalSection
EndGlobal
